
Microsoft Visual Studio Solution File, Format Version 12.00
# Visual Studio Version 17
VisualStudioVersion = 17.11.35219.272
MinimumVisualStudioVersion = 10.0.40219.1
Project("{FAE04EC0-301F-11D3-BF4B-00C04F79EFBC}") = "WebExamenAzteca", "WebExamenAzteca\WebExamenAzteca.csproj", "{D56C876C-79D4-4EAE-9365-6D294B021A6C}"
EndProject
Global
	GlobalSection(SolutionConfigurationPlatforms) = preSolution
		Debug|Any CPU = Debug|Any CPU
		Release|Any CPU = Release|Any CPU
	EndGlobalSection
	GlobalSection(ProjectConfigurationPlatforms) = postSolution
		{D56C876C-79D4-4EAE-9365-6D294B021A6C}.Debug|Any CPU.ActiveCfg = Debug|Any CPU
		{D56C876C-79D4-4EAE-9365-6D294B021A6C}.Debug|Any CPU.Build.0 = Debug|Any CPU
		{D56C876C-79D4-4EAE-9365-6D294B021A6C}.Release|Any CPU.ActiveCfg = Release|Any CPU
		{D56C876C-79D4-4EAE-9365-6D294B021A6C}.Release|Any CPU.Build.0 = Release|Any CPU
	EndGlobalSection
	GlobalSection(SolutionProperties) = preSolution
		HideSolutionNode = FALSE
	EndGlobalSection
	GlobalSection(ExtensibilityGlobals) = postSolution
		SolutionGuid = {0E99AAC8-ADF6-4B38-9A59-B8814D8D8C85}
	EndGlobalSection
EndGlobal
